
Microsoft Visual Studio Solution File, Format Version 11.00
# Visual Studio 2010
Project("{8BC9CEB8-8B4A-11D0-8D11-00A0C91BC942}") = "AiQ3Helper", "AiQ3Helper\AiQ3Helper.vcxproj", "{58E51E23-979C-466F-9D11-ECB16A579021}"
EndProject
Global
	GlobalSection(SolutionConfigurationPlatforms) = preSolution
		Debug|Win32 = Debug|Win32
		Release|Win32 = Release|Win32
	EndGlobalSection
	GlobalSection(ProjectConfigurationPlatforms) = postSolution
		{58E51E23-979C-466F-9D11-ECB16A579021}.Debug|Win32.ActiveCfg = Debug|Win32
		{58E51E23-979C-466F-9D11-ECB16A579021}.Debug|Win32.Build.0 = Debug|Win32
		{58E51E23-979C-466F-9D11-ECB16A579021}.Release|Win32.ActiveCfg = Release|Win32
		{58E51E23-979C-466F-9D11-ECB16A579021}.Release|Win32.Build.0 = Release|Win32
	EndGlobalSection
	GlobalSection(SolutionProperties) = preSolution
		HideSolutionNode = FALSE
	EndGlobalSection
EndGlobal
